
Microsoft Visual Studio Solution File, Format Version 12.00
# Visual Studio Version 17
VisualStudioVersion = 17.9.34526.213
MinimumVisualStudioVersion = 10.0.40219.1
Project("{FAE04EC0-301F-11D3-BF4B-00C04F79EFBC}") = "ProjectSimple.Api", "ProjectSimple.Api\ProjectSimple.Api.csproj", "{C6EFE1B1-C8C0-40DB-A998-B6CEC4F1B60B}"
EndProject
Global
	GlobalSection(SolutionConfigurationPlatforms) = preSolution
		Debug|Any CPU = Debug|Any CPU
		Release|Any CPU = Release|Any CPU
	EndGlobalSection
	GlobalSection(ProjectConfigurationPlatforms) = postSolution
		{C6EFE1B1-C8C0-40DB-A998-B6CEC4F1B60B}.Debug|Any CPU.ActiveCfg = Debug|Any CPU
		{C6EFE1B1-C8C0-40DB-A998-B6CEC4F1B60B}.Debug|Any CPU.Build.0 = Debug|Any CPU
		{C6EFE1B1-C8C0-40DB-A998-B6CEC4F1B60B}.Release|Any CPU.ActiveCfg = Release|Any CPU
		{C6EFE1B1-C8C0-40DB-A998-B6CEC4F1B60B}.Release|Any CPU.Build.0 = Release|Any CPU
	EndGlobalSection
	GlobalSection(SolutionProperties) = preSolution
		HideSolutionNode = FALSE
	EndGlobalSection
	GlobalSection(ExtensibilityGlobals) = postSolution
		SolutionGuid = {017F8993-912C-4477-A459-5C593A255D37}
	EndGlobalSection
EndGlobal
